
Microsoft Visual Studio Solution File, Format Version 12.00
# Visual Studio Version 17
VisualStudioVersion = 17.5.33516.290
MinimumVisualStudioVersion = 10.0.40219.1
Project("{9A19103F-16F7-4668-BE54-9A1E7A4F7556}") = "motionfreela.API", "motionfreela.API\motionfreela.API.csproj", "{EDAA8000-4B36-4386-B695-CE68732AD015}"
EndProject
Project("{FAE04EC0-301F-11D3-BF4B-00C04F79EFBC}") = "motionfreela.Core", "motionfreela.Core\motionfreela.Core.csproj", "{2B9B47B6-5C48-4A6F-976B-89D2C9CCBE3B}"
EndProject
Global
	GlobalSection(SolutionConfigurationPlatforms) = preSolution
		Debug|Any CPU = Debug|Any CPU
		Release|Any CPU = Release|Any CPU
	EndGlobalSection
	GlobalSection(ProjectConfigurationPlatforms) = postSolution
		{EDAA8000-4B36-4386-B695-CE68732AD015}.Debug|Any CPU.ActiveCfg = Debug|Any CPU
		{EDAA8000-4B36-4386-B695-CE68732AD015}.Debug|Any CPU.Build.0 = Debug|Any CPU
		{EDAA8000-4B36-4386-B695-CE68732AD015}.Release|Any CPU.ActiveCfg = Release|Any CPU
		{EDAA8000-4B36-4386-B695-CE68732AD015}.Release|Any CPU.Build.0 = Release|Any CPU
		{2B9B47B6-5C48-4A6F-976B-89D2C9CCBE3B}.Debug|Any CPU.ActiveCfg = Debug|Any CPU
		{2B9B47B6-5C48-4A6F-976B-89D2C9CCBE3B}.Debug|Any CPU.Build.0 = Debug|Any CPU
		{2B9B47B6-5C48-4A6F-976B-89D2C9CCBE3B}.Release|Any CPU.ActiveCfg = Release|Any CPU
		{2B9B47B6-5C48-4A6F-976B-89D2C9CCBE3B}.Release|Any CPU.Build.0 = Release|Any CPU
	EndGlobalSection
	GlobalSection(SolutionProperties) = preSolution
		HideSolutionNode = FALSE
	EndGlobalSection
	GlobalSection(ExtensibilityGlobals) = postSolution
		SolutionGuid = {1C6E55B8-9A3C-478E-BCEB-6182BFD91676}
	EndGlobalSection
EndGlobal
